
Microsoft Visual Studio Solution File, Format Version 12.00
# Visual Studio Version 16
VisualStudioVersion = 16.0.31515.178
MinimumVisualStudioVersion = 10.0.40219.1
Project("{2150E333-8FDC-42A3-9474-1A3956D46DE8}") = "1-Presentation", "1-Presentation", "{60D79F32-1D38-4BCC-BFA3-C7F2516AE20F}"
EndProject
Project("{FAE04EC0-301F-11D3-BF4B-00C04F79EFBC}") = "AulaAPI", "AulaAPI\AulaAPI.csproj", "{0AFB559D-7E2F-40A7-8388-B434B46F9B97}"
EndProject
Global
	GlobalSection(SolutionConfigurationPlatforms) = preSolution
		Debug|Any CPU = Debug|Any CPU
		Release|Any CPU = Release|Any CPU
	EndGlobalSection
	GlobalSection(ProjectConfigurationPlatforms) = postSolution
		{0AFB559D-7E2F-40A7-8388-B434B46F9B97}.Debug|Any CPU.ActiveCfg = Debug|Any CPU
		{0AFB559D-7E2F-40A7-8388-B434B46F9B97}.Debug|Any CPU.Build.0 = Debug|Any CPU
		{0AFB559D-7E2F-40A7-8388-B434B46F9B97}.Release|Any CPU.ActiveCfg = Release|Any CPU
		{0AFB559D-7E2F-40A7-8388-B434B46F9B97}.Release|Any CPU.Build.0 = Release|Any CPU
	EndGlobalSection
	GlobalSection(SolutionProperties) = preSolution
		HideSolutionNode = FALSE
	EndGlobalSection
	GlobalSection(NestedProjects) = preSolution
		{0AFB559D-7E2F-40A7-8388-B434B46F9B97} = {60D79F32-1D38-4BCC-BFA3-C7F2516AE20F}
	EndGlobalSection
	GlobalSection(ExtensibilityGlobals) = postSolution
		SolutionGuid = {1AA59063-1957-4402-8688-69C72A4759E4}
	EndGlobalSection
EndGlobal
